
Microsoft Visual Studio Solution File, Format Version 12.00
# Visual Studio Version 16
VisualStudioVersion = 16.0.31911.196
MinimumVisualStudioVersion = 10.0.40219.1
Project("{FAE04EC0-301F-11D3-BF4B-00C04F79EFBC}") = "GetCityData_V4.6", "GetCityData_V4.6\GetCityData_V4.6.csproj", "{5055FF66-D9BA-490A-9678-D33225A11D24}"
EndProject
Global
	GlobalSection(SolutionConfigurationPlatforms) = preSolution
		Debug|Any CPU = Debug|Any CPU
		Release|Any CPU = Release|Any CPU
	EndGlobalSection
	GlobalSection(ProjectConfigurationPlatforms) = postSolution
		{5055FF66-D9BA-490A-9678-D33225A11D24}.Debug|Any CPU.ActiveCfg = Debug|Any CPU
		{5055FF66-D9BA-490A-9678-D33225A11D24}.Debug|Any CPU.Build.0 = Debug|Any CPU
		{5055FF66-D9BA-490A-9678-D33225A11D24}.Release|Any CPU.ActiveCfg = Release|Any CPU
		{5055FF66-D9BA-490A-9678-D33225A11D24}.Release|Any CPU.Build.0 = Release|Any CPU
	EndGlobalSection
	GlobalSection(SolutionProperties) = preSolution
		HideSolutionNode = FALSE
	EndGlobalSection
	GlobalSection(ExtensibilityGlobals) = postSolution
		SolutionGuid = {376A138C-9B9C-4E4F-8203-14F9636AFF83}
	EndGlobalSection
EndGlobal
